
Microsoft Visual Studio Solution File, Format Version 12.00
# Visual Studio Version 16
VisualStudioVersion = 16.0.30002.166
MinimumVisualStudioVersion = 10.0.40219.1
Project("{FAE04EC0-301F-11D3-BF4B-00C04F79EFBC}") = "CryptoGatherer", "CryptoGatherer.csproj", "{7EAEFAAE-5AC1-4BC1-BE06-63EEDF4808AD}"
EndProject
Global
	GlobalSection(SolutionConfigurationPlatforms) = preSolution
		Debug|Any CPU = Debug|Any CPU
		Release|Any CPU = Release|Any CPU
	EndGlobalSection
	GlobalSection(ProjectConfigurationPlatforms) = postSolution
		{7EAEFAAE-5AC1-4BC1-BE06-63EEDF4808AD}.Debug|Any CPU.ActiveCfg = Debug|Any CPU
		{7EAEFAAE-5AC1-4BC1-BE06-63EEDF4808AD}.Debug|Any CPU.Build.0 = Debug|Any CPU
		{7EAEFAAE-5AC1-4BC1-BE06-63EEDF4808AD}.Release|Any CPU.ActiveCfg = Release|Any CPU
		{7EAEFAAE-5AC1-4BC1-BE06-63EEDF4808AD}.Release|Any CPU.Build.0 = Release|Any CPU
	EndGlobalSection
	GlobalSection(SolutionProperties) = preSolution
		HideSolutionNode = FALSE
	EndGlobalSection
	GlobalSection(ExtensibilityGlobals) = postSolution
		SolutionGuid = {61387D19-3DC4-4DB1-B186-3ADE4011363F}
	EndGlobalSection
EndGlobal
