
Microsoft Visual Studio Solution File, Format Version 12.00
# Visual Studio Version 17
VisualStudioVersion = 17.0.32014.148
MinimumVisualStudioVersion = 10.0.40219.1
Project("{2150E333-8FDC-42A3-9474-1A3956D46DE8}") = "Solution Items", "Solution Items", "{057F3869-D776-4404-BB77-444ADF4CFDD6}"
	ProjectSection(SolutionItems) = preProject
		.editorconfig = .editorconfig
	EndProjectSection
EndProject
Project("{9A19103F-16F7-4668-BE54-9A1E7A4F7556}") = "oss-tests", "oss-tests\oss-tests.csproj", "{812DF4A5-057B-4227-A3E8-4DFF67DBE07A}"
EndProject
Project("{9A19103F-16F7-4668-BE54-9A1E7A4F7556}") = "oss-find-squats-lib", "oss-find-squats-lib\oss-find-squats-lib.csproj", "{182CA72B-6BB1-400E-83FC-B35558928BAB}"
EndProject
Project("{9A19103F-16F7-4668-BE54-9A1E7A4F7556}") = "Shared.Lib", "Shared\Shared.Lib.csproj", "{0023A885-5255-46A0-BAF7-F419FFA00AE4}"
EndProject
Project("{9A19103F-16F7-4668-BE54-9A1E7A4F7556}") = "Shared.CLI", "Shared.CLI\Shared.CLI.csproj", "{66CE54D2-40AA-41CB-A487-3FE44E38BFE0}"
EndProject
Project("{FAE04EC0-301F-11D3-BF4B-00C04F79EFBC}") = "oss-gadget-cli", "oss-gadget-cli\oss-gadget-cli.csproj", "{9B2B9345-186C-44B7-90C3-0D7A892D464F}"
EndProject
Project("{2150E333-8FDC-42A3-9474-1A3956D46DE8}") = "tests", "tests", "{02EA681E-C7D8-13C7-8484-4AC65E1B71E8}"
EndProject
Project("{2150E333-8FDC-42A3-9474-1A3956D46DE8}") = "src", "src", "{F57911B9-C269-4238-BF89-5F62CD7C9F78}"
EndProject
Project("{FAE04EC0-301F-11D3-BF4B-00C04F79EFBC}") = "Shared.Lib.Tests", "Shared.Lib.Tests\Shared.Lib.Tests.csproj", "{5BC950E8-32DB-4973-A5A6-E78739741D28}"
EndProject
Global
	GlobalSection(SolutionConfigurationPlatforms) = preSolution
		Debug|Any CPU = Debug|Any CPU
		Release|Any CPU = Release|Any CPU
	EndGlobalSection
	GlobalSection(ProjectConfigurationPlatforms) = postSolution
		{812DF4A5-057B-4227-A3E8-4DFF67DBE07A}.Debug|Any CPU.ActiveCfg = Debug|Any CPU
		{812DF4A5-057B-4227-A3E8-4DFF67DBE07A}.Debug|Any CPU.Build.0 = Debug|Any CPU
		{812DF4A5-057B-4227-A3E8-4DFF67DBE07A}.Release|Any CPU.ActiveCfg = Release|Any CPU
		{182CA72B-6BB1-400E-83FC-B35558928BAB}.Debug|Any CPU.ActiveCfg = Debug|Any CPU
		{182CA72B-6BB1-400E-83FC-B35558928BAB}.Debug|Any CPU.Build.0 = Debug|Any CPU
		{182CA72B-6BB1-400E-83FC-B35558928BAB}.Release|Any CPU.ActiveCfg = Release|Any CPU
		{182CA72B-6BB1-400E-83FC-B35558928BAB}.Release|Any CPU.Build.0 = Release|Any CPU
		{0023A885-5255-46A0-BAF7-F419FFA00AE4}.Debug|Any CPU.ActiveCfg = Debug|Any CPU
		{0023A885-5255-46A0-BAF7-F419FFA00AE4}.Debug|Any CPU.Build.0 = Debug|Any CPU
		{0023A885-5255-46A0-BAF7-F419FFA00AE4}.Release|Any CPU.ActiveCfg = Release|Any CPU
		{0023A885-5255-46A0-BAF7-F419FFA00AE4}.Release|Any CPU.Build.0 = Release|Any CPU
		{66CE54D2-40AA-41CB-A487-3FE44E38BFE0}.Debug|Any CPU.ActiveCfg = Debug|Any CPU
		{66CE54D2-40AA-41CB-A487-3FE44E38BFE0}.Debug|Any CPU.Build.0 = Debug|Any CPU
		{66CE54D2-40AA-41CB-A487-3FE44E38BFE0}.Release|Any CPU.ActiveCfg = Release|Any CPU
		{66CE54D2-40AA-41CB-A487-3FE44E38BFE0}.Release|Any CPU.Build.0 = Release|Any CPU
		{9B2B9345-186C-44B7-90C3-0D7A892D464F}.Debug|Any CPU.ActiveCfg = Debug|Any CPU
		{9B2B9345-186C-44B7-90C3-0D7A892D464F}.Debug|Any CPU.Build.0 = Debug|Any CPU
		{9B2B9345-186C-44B7-90C3-0D7A892D464F}.Release|Any CPU.ActiveCfg = Release|Any CPU
		{9B2B9345-186C-44B7-90C3-0D7A892D464F}.Release|Any CPU.Build.0 = Release|Any CPU
		{5BC950E8-32DB-4973-A5A6-E78739741D28}.Debug|Any CPU.ActiveCfg = Debug|Any CPU
		{5BC950E8-32DB-4973-A5A6-E78739741D28}.Debug|Any CPU.Build.0 = Debug|Any CPU
		{5BC950E8-32DB-4973-A5A6-E78739741D28}.Release|Any CPU.ActiveCfg = Release|Any CPU
		{5BC950E8-32DB-4973-A5A6-E78739741D28}.Release|Any CPU.Build.0 = Release|Any CPU
	EndGlobalSection
	GlobalSection(SolutionProperties) = preSolution
		HideSolutionNode = FALSE
	EndGlobalSection
	GlobalSection(NestedProjects) = preSolution
		{812DF4A5-057B-4227-A3E8-4DFF67DBE07A} = {02EA681E-C7D8-13C7-8484-4AC65E1B71E8}
		{182CA72B-6BB1-400E-83FC-B35558928BAB} = {F57911B9-C269-4238-BF89-5F62CD7C9F78}
		{0023A885-5255-46A0-BAF7-F419FFA00AE4} = {F57911B9-C269-4238-BF89-5F62CD7C9F78}
		{66CE54D2-40AA-41CB-A487-3FE44E38BFE0} = {F57911B9-C269-4238-BF89-5F62CD7C9F78}
		{9B2B9345-186C-44B7-90C3-0D7A892D464F} = {F57911B9-C269-4238-BF89-5F62CD7C9F78}
		{5BC950E8-32DB-4973-A5A6-E78739741D28} = {02EA681E-C7D8-13C7-8484-4AC65E1B71E8}
	EndGlobalSection
	GlobalSection(ExtensibilityGlobals) = postSolution
		SolutionGuid = {587898D9-D446-4D21-A442-C77D3477B2AF}
	EndGlobalSection
EndGlobal
